
Microsoft Visual Studio Solution File, Format Version 12.00
# Visual Studio Version 17
VisualStudioVersion = 17.5.33530.505
MinimumVisualStudioVersion = 10.0.40219.1
Project("{8BC9CEB8-8B4A-11D0-8D11-00A0C91BC942}") = "Terminator", "Terminator\Terminator.vcxproj", "{9A279A0B-357E-4FB7-AB1F-919CDF6619C1}"
EndProject
Global
	GlobalSection(SolutionConfigurationPlatforms) = preSolution
		Debug|x64 = Debug|x64
		Debug|x86 = Debug|x86
		Release|x64 = Release|x64
		Release|x86 = Release|x86
	EndGlobalSection
	GlobalSection(ProjectConfigurationPlatforms) = postSolution
		{9A279A0B-357E-4FB7-AB1F-919CDF6619C1}.Debug|x64.ActiveCfg = Debug|x64
		{9A279A0B-357E-4FB7-AB1F-919CDF6619C1}.Debug|x64.Build.0 = Debug|x64
		{9A279A0B-357E-4FB7-AB1F-919CDF6619C1}.Debug|x86.ActiveCfg = Debug|Win32
		{9A279A0B-357E-4FB7-AB1F-919CDF6619C1}.Debug|x86.Build.0 = Debug|Win32
		{9A279A0B-357E-4FB7-AB1F-919CDF6619C1}.Release|x64.ActiveCfg = Release|x64
		{9A279A0B-357E-4FB7-AB1F-919CDF6619C1}.Release|x64.Build.0 = Release|x64
		{9A279A0B-357E-4FB7-AB1F-919CDF6619C1}.Release|x86.ActiveCfg = Release|Win32
		{9A279A0B-357E-4FB7-AB1F-919CDF6619C1}.Release|x86.Build.0 = Release|Win32
	EndGlobalSection
	GlobalSection(SolutionProperties) = preSolution
		HideSolutionNode = FALSE
	EndGlobalSection
	GlobalSection(ExtensibilityGlobals) = postSolution
		SolutionGuid = {F0897BA4-0B7F-45F9-B91B-595E6A4623FE}
	EndGlobalSection
EndGlobal
